// !$*UTF8*$!
{
	archiveVersion = 1;
	classes = {
	};
	objectVersion = 46;
	objects = {

/* Begin PBXBuildFile section */
		03FF40D4BF2F67364031D430 /* Pods_myAprication004Tests.framework in Frameworks */ = {isa = PBXBuildFile; fileRef = 274FC480438F56AA7A92B7DC /* Pods_myAprication004Tests.framework */; };
		1832CB3A1DEBC361004AE3A8 /* CreateDiaryViewController.swift in Sources */ = {isa = PBXBuildFile; fileRef = 1832CB381DEBC361004AE3A8 /* CreateDiaryViewController.swift */; };
		1832CB3B1DEBC361004AE3A8 /* ReadDiaryViewController.swift in Sources */ = {isa = PBXBuildFile; fileRef = 1832CB391DEBC361004AE3A8 /* ReadDiaryViewController.swift */; };
		1856D67C1DDEACA400CA1B8B /* AppDelegate.swift in Sources */ = {isa = PBXBuildFile; fileRef = 1856D67B1DDEACA400CA1B8B /* AppDelegate.swift */; };
		1856D6831DDEACA400CA1B8B /* Main.storyboard in Resources */ = {isa = PBXBuildFile; fileRef = 1856D6811DDEACA400CA1B8B /* Main.storyboard */; };
		1856D6851DDEACA400CA1B8B /* Assets.xcassets in Resources */ = {isa = PBXBuildFile; fileRef = 1856D6841DDEACA400CA1B8B /* Assets.xcassets */; };
		1856D6881DDEACA400CA1B8B /* LaunchScreen.storyboard in Resources */ = {isa = PBXBuildFile; fileRef = 1856D6861DDEACA400CA1B8B /* LaunchScreen.storyboard */; };
		1856D6931DDEACA400CA1B8B /* myAprication004Tests.swift in Sources */ = {isa = PBXBuildFile; fileRef = 1856D6921DDEACA400CA1B8B /* myAprication004Tests.swift */; };
		1856D69E1DDEACA400CA1B8B /* myAprication004UITests.swift in Sources */ = {isa = PBXBuildFile; fileRef = 1856D69D1DDEACA400CA1B8B /* myAprication004UITests.swift */; };
		1856D6B01DDEBF9200CA1B8B /* MainViewController.swift in Sources */ = {isa = PBXBuildFile; fileRef = 1856D6AF1DDEBF9200CA1B8B /* MainViewController.swift */; };
		1856D6B21DDEC0D200CA1B8B /* TopViewController.swift in Sources */ = {isa = PBXBuildFile; fileRef = 1856D6B11DDEC0D200CA1B8B /* TopViewController.swift */; };
		1856D6B41DDEC15C00CA1B8B /* earth.jpeg in Resources */ = {isa = PBXBuildFile; fileRef = 1856D6B31DDEC15C00CA1B8B /* earth.jpeg */; };
		188451641DED8A20000BEEF8 /* cat1.jpg in Resources */ = {isa = PBXBuildFile; fileRef = 188451601DED8A20000BEEF8 /* cat1.jpg */; };
		188451651DED8A20000BEEF8 /* cat2.jpg in Resources */ = {isa = PBXBuildFile; fileRef = 188451611DED8A20000BEEF8 /* cat2.jpg */; };
		188451661DED8A20000BEEF8 /* dog1.jpg in Resources */ = {isa = PBXBuildFile; fileRef = 188451621DED8A20000BEEF8 /* dog1.jpg */; };
		188451671DED8A20000BEEF8 /* dog2.jpg in Resources */ = {isa = PBXBuildFile; fileRef = 188451631DED8A20000BEEF8 /* dog2.jpg */; };
		1884516B1DEDC3CE000BEEF8 /* ListTableViewCell.swift in Sources */ = {isa = PBXBuildFile; fileRef = 1884516A1DEDC3CE000BEEF8 /* ListTableViewCell.swift */; };
		1884516D1DEDC40F000BEEF8 /* ViewController.swift in Sources */ = {isa = PBXBuildFile; fileRef = 1884516C1DEDC40F000BEEF8 /* ViewController.swift */; };
		188451731DEDD20B000BEEF8 /* japan.png in Resources */ = {isa = PBXBuildFile; fileRef = 1884516E1DEDD20B000BEEF8 /* japan.png */; };
		188451741DEDD20B000BEEF8 /* Africa.png in Resources */ = {isa = PBXBuildFile; fileRef = 1884516F1DEDD20B000BEEF8 /* Africa.png */; };
		188451751DEDD20B000BEEF8 /* midleEast.png in Resources */ = {isa = PBXBuildFile; fileRef = 188451701DEDD20B000BEEF8 /* midleEast.png */; };
		188451761DEDD20B000BEEF8 /* southAmerica.png in Resources */ = {isa = PBXBuildFile; fileRef = 188451711DEDD20B000BEEF8 /* southAmerica.png */; };
		188451771DEDD20B000BEEF8 /* sea.png in Resources */ = {isa = PBXBuildFile; fileRef = 188451721DEDD20B000BEEF8 /* sea.png */; };
		1885117B1DEBC9390005CF5E /* FontAwesome_swift.framework in Frameworks */ = {isa = PBXBuildFile; fileRef = 1885117A1DEBC9390005CF5E /* FontAwesome_swift.framework */; };
		188915151DE07FD0007C7745 /* Diary+CoreDataClass.swift in Sources */ = {isa = PBXBuildFile; fileRef = 188915131DE07FD0007C7745 /* Diary+CoreDataClass.swift */; };
		188915161DE07FD0007C7745 /* Diary+CoreDataProperties.swift in Sources */ = {isa = PBXBuildFile; fileRef = 188915141DE07FD0007C7745 /* Diary+CoreDataProperties.swift */; };
		18FD3C241DE07E5300F6E03E /* NavigadioModel.xcdatamodeld in Sources */ = {isa = PBXBuildFile; fileRef = 18FD3C221DE07E5300F6E03E /* NavigadioModel.xcdatamodeld */; };
		4A8F35B980B5D2466F019A17 /* Pods_myAprication004UITests.framework in Frameworks */ = {isa = PBXBuildFile; fileRef = 884A7B297012F41B971E4A5D /* Pods_myAprication004UITests.framework */; };
		54061871BF1DE4A0E4102F76 /* Pods_myAprication004.framework in Frameworks */ = {isa = PBXBuildFile; fileRef = 736D533AD524D8A4F0F29DF9 /* Pods_myAprication004.framework */; };
/* End PBXBuildFile section */

/* Begin PBXContainerItemProxy section */
		1856D68F1DDEACA400CA1B8B /* PBXContainerItemProxy */ = {
			isa = PBXContainerItemProxy;
			containerPortal = 1856D6701DDEACA400CA1B8B /* Project object */;
			proxyType = 1;
			remoteGlobalIDString = 1856D6771DDEACA400CA1B8B;
			remoteInfo = myAprication004;
		};
		1856D69A1DDEACA400CA1B8B /* PBXContainerItemProxy */ = {
			isa = PBXContainerItemProxy;
			containerPortal = 1856D6701DDEACA400CA1B8B /* Project object */;
			proxyType = 1;
			remoteGlobalIDString = 1856D6771DDEACA400CA1B8B;
			remoteInfo = myAprication004;
		};
/* End PBXContainerItemProxy section */

/* Begin PBXFileReference section */
		1832CB381DEBC361004AE3A8 /* CreateDiaryViewController.swift */ = {isa = PBXFileReference; fileEncoding = 4; lastKnownFileType = sourcecode.swift; path = CreateDiaryViewController.swift; sourceTree = "<group>"; };
		1832CB391DEBC361004AE3A8 /* ReadDiaryViewController.swift */ = {isa = PBXFileReference; fileEncoding = 4; lastKnownFileType = sourcecode.swift; path = ReadDiaryViewController.swift; sourceTree = "<group>"; };
		1856D6781DDEACA400CA1B8B /* myAprication004.app */ = {isa = PBXFileReference; explicitFileType = wrapper.application; includeInIndex = 0; path = myAprication004.app; sourceTree = BUILT_PRODUCTS_DIR; };
		1856D67B1DDEACA400CA1B8B /* AppDelegate.swift */ = {isa = PBXFileReference; lastKnownFileType = sourcecode.swift; path = AppDelegate.swift; sourceTree = "<group>"; };
		1856D6821DDEACA400CA1B8B /* Base */ = {isa = PBXFileReference; lastKnownFileType = file.storyboard; name = Base; path = Base.lproj/Main.storyboard; sourceTree = "<group>"; };
		1856D6841DDEACA400CA1B8B /* Assets.xcassets */ = {isa = PBXFileReference; lastKnownFileType = folder.assetcatalog; path = Assets.xcassets; sourceTree = "<group>"; };
		1856D6871DDEACA400CA1B8B /* Base */ = {isa = PBXFileReference; lastKnownFileType = file.storyboard; name = Base; path = Base.lproj/LaunchScreen.storyboard; sourceTree = "<group>"; };
		1856D6891DDEACA400CA1B8B /* Info.plist */ = {isa = PBXFileReference; lastKnownFileType = text.plist.xml; path = Info.plist; sourceTree = "<group>"; };
		1856D68E1DDEACA400CA1B8B /* myAprication004Tests.xctest */ = {isa = PBXFileReference; explicitFileType = wrapper.cfbundle; includeInIndex = 0; path = myAprication004Tests.xctest; sourceTree = BUILT_PRODUCTS_DIR; };
		1856D6921DDEACA400CA1B8B /* myAprication004Tests.swift */ = {isa = PBXFileReference; lastKnownFileType = sourcecode.swift; path = myAprication004Tests.swift; sourceTree = "<group>"; };
		1856D6941DDEACA400CA1B8B /* Info.plist */ = {isa = PBXFileReference; lastKnownFileType = text.plist.xml; path = Info.plist; sourceTree = "<group>"; };
		1856D6991DDEACA400CA1B8B /* myAprication004UITests.xctest */ = {isa = PBXFileReference; explicitFileType = wrapper.cfbundle; includeInIndex = 0; path = myAprication004UITests.xctest; sourceTree = BUILT_PRODUCTS_DIR; };
		1856D69D1DDEACA400CA1B8B /* myAprication004UITests.swift */ = {isa = PBXFileReference; lastKnownFileType = sourcecode.swift; path = myAprication004UITests.swift; sourceTree = "<group>"; };
		1856D69F1DDEACA400CA1B8B /* Info.plist */ = {isa = PBXFileReference; lastKnownFileType = text.plist.xml; path = Info.plist; sourceTree = "<group>"; };
		1856D6AF1DDEBF9200CA1B8B /* MainViewController.swift */ = {isa = PBXFileReference; fileEncoding = 4; lastKnownFileType = sourcecode.swift; path = MainViewController.swift; sourceTree = "<group>"; };
		1856D6B11DDEC0D200CA1B8B /* TopViewController.swift */ = {isa = PBXFileReference; fileEncoding = 4; lastKnownFileType = sourcecode.swift; path = TopViewController.swift; sourceTree = "<group>"; };
		1856D6B31DDEC15C00CA1B8B /* earth.jpeg */ = {isa = PBXFileReference; lastKnownFileType = image.jpeg; path = earth.jpeg; sourceTree = "<group>"; };
		188451601DED8A20000BEEF8 /* cat1.jpg */ = {isa = PBXFileReference; lastKnownFileType = image.jpeg; path = cat1.jpg; sourceTree = "<group>"; };
		188451611DED8A20000BEEF8 /* cat2.jpg */ = {isa = PBXFileReference; lastKnownFileType = image.jpeg; path = cat2.jpg; sourceTree = "<group>"; };
		188451621DED8A20000BEEF8 /* dog1.jpg */ = {isa = PBXFileReference; lastKnownFileType = image.jpeg; path = dog1.jpg; sourceTree = "<group>"; };
		188451631DED8A20000BEEF8 /* dog2.jpg */ = {isa = PBXFileReference; lastKnownFileType = image.jpeg; path = dog2.jpg; sourceTree = "<group>"; };
		1884516A1DEDC3CE000BEEF8 /* ListTableViewCell.swift */ = {isa = PBXFileReference; fileEncoding = 4; lastKnownFileType = sourcecode.swift; path = ListTableViewCell.swift; sourceTree = "<group>"; };
		1884516C1DEDC40F000BEEF8 /* ViewController.swift */ = {isa = PBXFileReference; fileEncoding = 4; lastKnownFileType = sourcecode.swift; path = ViewController.swift; sourceTree = "<group>"; };
		1884516E1DEDD20B000BEEF8 /* japan.png */ = {isa = PBXFileReference; lastKnownFileType = image.png; path = japan.png; sourceTree = "<group>"; };
		1884516F1DEDD20B000BEEF8 /* Africa.png */ = {isa = PBXFileReference; lastKnownFileType = image.png; path = Africa.png; sourceTree = "<group>"; };
		188451701DEDD20B000BEEF8 /* midleEast.png */ = {isa = PBXFileReference; lastKnownFileType = image.png; path = midleEast.png; sourceTree = "<group>"; };
		188451711DEDD20B000BEEF8 /* southAmerica.png */ = {isa = PBXFileReference; lastKnownFileType = image.png; path = southAmerica.png; sourceTree = "<group>"; };
		188451721DEDD20B000BEEF8 /* sea.png */ = {isa = PBXFileReference; lastKnownFileType = image.png; path = sea.png; sourceTree = "<group>"; };
		1885117A1DEBC9390005CF5E /* FontAwesome_swift.framework */ = {isa = PBXFileReference; lastKnownFileType = wrapper.framework; name = FontAwesome_swift.framework; path = "Pods/../build/Debug-iphoneos/FontAwesome.swift/FontAwesome_swift.framework"; sourceTree = "<group>"; };
		188915131DE07FD0007C7745 /* Diary+CoreDataClass.swift */ = {isa = PBXFileReference; fileEncoding = 4; lastKnownFileType = sourcecode.swift; path = "Diary+CoreDataClass.swift"; sourceTree = "<group>"; };
		188915141DE07FD0007C7745 /* Diary+CoreDataProperties.swift */ = {isa = PBXFileReference; fileEncoding = 4; lastKnownFileType = sourcecode.swift; path = "Diary+CoreDataProperties.swift"; sourceTree = "<group>"; };
		18FD3C231DE07E5300F6E03E /* NavigadioModel.xcdatamodel */ = {isa = PBXFileReference; lastKnownFileType = wrapper.xcdatamodel; path = NavigadioModel.xcdatamodel; sourceTree = "<group>"; };
		1FB080E5DF8E4785214A7F90 /* Pods-myAprication004UITests.release.xcconfig */ = {isa = PBXFileReference; includeInIndex = 1; lastKnownFileType = text.xcconfig; name = "Pods-myAprication004UITests.release.xcconfig"; path = "Pods/Target Support Files/Pods-myAprication004UITests/Pods-myAprication004UITests.release.xcconfig"; sourceTree = "<group>"; };
		274FC480438F56AA7A92B7DC /* Pods_myAprication004Tests.framework */ = {isa = PBXFileReference; explicitFileType = wrapper.framework; includeInIndex = 0; path = Pods_myAprication004Tests.framework; sourceTree = BUILT_PRODUCTS_DIR; };
		736D533AD524D8A4F0F29DF9 /* Pods_myAprication004.framework */ = {isa = PBXFileReference; explicitFileType = wrapper.framework; includeInIndex = 0; path = Pods_myAprication004.framework; sourceTree = BUILT_PRODUCTS_DIR; };
		7528761EFABBA2798D143C4C /* Pods-myAprication004.debug.xcconfig */ = {isa = PBXFileReference; includeInIndex = 1; lastKnownFileType = text.xcconfig; name = "Pods-myAprication004.debug.xcconfig"; path = "Pods/Target Support Files/Pods-myAprication004/Pods-myAprication004.debug.xcconfig"; sourceTree = "<group>"; };
		884A7B297012F41B971E4A5D /* Pods_myAprication004UITests.framework */ = {isa = PBXFileReference; explicitFileType = wrapper.framework; includeInIndex = 0; path = Pods_myAprication004UITests.framework; sourceTree = BUILT_PRODUCTS_DIR; };
		9710D57A6DE877C5700244F2 /* Pods-myAprication004Tests.release.xcconfig */ = {isa = PBXFileReference; includeInIndex = 1; lastKnownFileType = text.xcconfig; name = "Pods-myAprication004Tests.release.xcconfig"; path = "Pods/Target Support Files/Pods-myAprication004Tests/Pods-myAprication004Tests.release.xcconfig"; sourceTree = "<group>"; };
		B20A213BBC8C742B42313843 /* Pods-myAprication004Tests.debug.xcconfig */ = {isa = PBXFileReference; includeInIndex = 1; lastKnownFileType = text.xcconfig; name = "Pods-myAprication004Tests.debug.xcconfig"; path = "Pods/Target Support Files/Pods-myAprication004Tests/Pods-myAprication004Tests.debug.xcconfig"; sourceTree = "<group>"; };
		B3EAB1E5CF07B21675CE8356 /* Pods-myAprication004.release.xcconfig */ = {isa = PBXFileReference; includeInIndex = 1; lastKnownFileType = text.xcconfig; name = "Pods-myAprication004.release.xcconfig"; path = "Pods/Target Support Files/Pods-myAprication004/Pods-myAprication004.release.xcconfig"; sourceTree = "<group>"; };
		CF8F1E2A25F5B931C1082A50 /* Pods-myAprication004UITests.debug.xcconfig */ = {isa = PBXFileReference; includeInIndex = 1; lastKnownFileType = text.xcconfig; name = "Pods-myAprication004UITests.debug.xcconfig"; path = "Pods/Target Support Files/Pods-myAprication004UITests/Pods-myAprication004UITests.debug.xcconfig"; sourceTree = "<group>"; };
/* End PBXFileReference section */

/* Begin PBXFrameworksBuildPhase section */
		1856D6751DDEACA400CA1B8B /* Frameworks */ = {
			isa = PBXFrameworksBuildPhase;
			buildActionMask = 2147483647;
			files = (
				1885117B1DEBC9390005CF5E /* FontAwesome_swift.framework in Frameworks */,
				54061871BF1DE4A0E4102F76 /* Pods_myAprication004.framework in Frameworks */,
			);
			runOnlyForDeploymentPostprocessing = 0;
		};
		1856D68B1DDEACA400CA1B8B /* Frameworks */ = {
			isa = PBXFrameworksBuildPhase;
			buildActionMask = 2147483647;
			files = (
				03FF40D4BF2F67364031D430 /* Pods_myAprication004Tests.framework in Frameworks */,
			);
			runOnlyForDeploymentPostprocessing = 0;
		};
		1856D6961DDEACA400CA1B8B /* Frameworks */ = {
			isa = PBXFrameworksBuildPhase;
			buildActionMask = 2147483647;
			files = (
				4A8F35B980B5D2466F019A17 /* Pods_myAprication004UITests.framework in Frameworks */,
			);
			runOnlyForDeploymentPostprocessing = 0;
		};
/* End PBXFrameworksBuildPhase section */

/* Begin PBXGroup section */
		1856D66F1DDEACA400CA1B8B = {
			isa = PBXGroup;
			children = (
				188915131DE07FD0007C7745 /* Diary+CoreDataClass.swift */,
				188915141DE07FD0007C7745 /* Diary+CoreDataProperties.swift */,
				18FD3C221DE07E5300F6E03E /* NavigadioModel.xcdatamodeld */,
				1856D67A1DDEACA400CA1B8B /* myAprication004 */,
				1856D6911DDEACA400CA1B8B /* myAprication004Tests */,
				1856D69C1DDEACA400CA1B8B /* myAprication004UITests */,
				1856D6791DDEACA400CA1B8B /* Products */,
				188511791DEBC9390005CF5E /* Frameworks */,
				B401C6AC597308FCB50AA3BA /* Pods */,
			);
			sourceTree = "<group>";
		};
		1856D6791DDEACA400CA1B8B /* Products */ = {
			isa = PBXGroup;
			children = (
				1856D6781DDEACA400CA1B8B /* myAprication004.app */,
				1856D68E1DDEACA400CA1B8B /* myAprication004Tests.xctest */,
				1856D6991DDEACA400CA1B8B /* myAprication004UITests.xctest */,
			);
			name = Products;
			sourceTree = "<group>";
		};
		1856D67A1DDEACA400CA1B8B /* myAprication004 */ = {
			isa = PBXGroup;
			children = (
				1856D6B11DDEC0D200CA1B8B /* TopViewController.swift */,
				1856D6AF1DDEBF9200CA1B8B /* MainViewController.swift */,
				1832CB381DEBC361004AE3A8 /* CreateDiaryViewController.swift */,
				1884516C1DEDC40F000BEEF8 /* ViewController.swift */,
				1832CB391DEBC361004AE3A8 /* ReadDiaryViewController.swift */,
				1856D6811DDEACA400CA1B8B /* Main.storyboard */,
				1884516A1DEDC3CE000BEEF8 /* ListTableViewCell.swift */,
				1856D67B1DDEACA400CA1B8B /* AppDelegate.swift */,
				1884516E1DEDD20B000BEEF8 /* japan.png */,
				1884516F1DEDD20B000BEEF8 /* Africa.png */,
				188451701DEDD20B000BEEF8 /* midleEast.png */,
				188451711DEDD20B000BEEF8 /* southAmerica.png */,
				188451721DEDD20B000BEEF8 /* sea.png */,
				1856D6841DDEACA400CA1B8B /* Assets.xcassets */,
				1856D6861DDEACA400CA1B8B /* LaunchScreen.storyboard */,
				1856D6B31DDEC15C00CA1B8B /* earth.jpeg */,
				1856D6891DDEACA400CA1B8B /* Info.plist */,
				188451601DED8A20000BEEF8 /* cat1.jpg */,
				188451611DED8A20000BEEF8 /* cat2.jpg */,
				188451621DED8A20000BEEF8 /* dog1.jpg */,
				188451631DED8A20000BEEF8 /* dog2.jpg */,
			);
			path = myAprication004;
			sourceTree = "<group>";
		};
		1856D6911DDEACA400CA1B8B /* myAprication004Tests */ = {
			isa = PBXGroup;
			children = (
				1856D6921DDEACA400CA1B8B /* myAprication004Tests.swift */,
				1856D6941DDEACA400CA1B8B /* Info.plist */,
			);
			path = myAprication004Tests;
			sourceTree = "<group>";
		};
		1856D69C1DDEACA400CA1B8B /* myAprication004UITests */ = {
			isa = PBXGroup;
			children = (
				1856D69D1DDEACA400CA1B8B /* myAprication004UITests.swift */,
				1856D69F1DDEACA400CA1B8B /* Info.plist */,
			);
			path = myAprication004UITests;
			sourceTree = "<group>";
		};
		188511791DEBC9390005CF5E /* Frameworks */ = {
			isa = PBXGroup;
			children = (
				1885117A1DEBC9390005CF5E /* FontAwesome_swift.framework */,
				736D533AD524D8A4F0F29DF9 /* Pods_myAprication004.framework */,
				274FC480438F56AA7A92B7DC /* Pods_myAprication004Tests.framework */,
				884A7B297012F41B971E4A5D /* Pods_myAprication004UITests.framework */,
			);
			name = Frameworks;
			sourceTree = "<group>";
		};
		B401C6AC597308FCB50AA3BA /* Pods */ = {
			isa = PBXGroup;
			children = (
				7528761EFABBA2798D143C4C /* Pods-myAprication004.debug.xcconfig */,
				B3EAB1E5CF07B21675CE8356 /* Pods-myAprication004.release.xcconfig */,
				B20A213BBC8C742B42313843 /* Pods-myAprication004Tests.debug.xcconfig */,
				9710D57A6DE877C5700244F2 /* Pods-myAprication004Tests.release.xcconfig */,
				CF8F1E2A25F5B931C1082A50 /* Pods-myAprication004UITests.debug.xcconfig */,
				1FB080E5DF8E4785214A7F90 /* Pods-myAprication004UITests.release.xcconfig */,
			);
			name = Pods;
			sourceTree = "<group>";
		};
/* End PBXGroup section */

/* Begin PBXNativeTarget section */
		1856D6771DDEACA400CA1B8B /* myAprication004 */ = {
			isa = PBXNativeTarget;
			buildConfigurationList = 1856D6A21DDEACA400CA1B8B /* Build configuration list for PBXNativeTarget "myAprication004" */;
			buildPhases = (
				07E930930CF84DB585C694C3 /* [CP] Check Pods Manifest.lock */,
				1856D6741DDEACA400CA1B8B /* Sources */,
				1856D6751DDEACA400CA1B8B /* Frameworks */,
				1856D6761DDEACA400CA1B8B /* Resources */,
				363242F0E6CA69733944F4C2 /* [CP] Embed Pods Frameworks */,
				C36B6CEBFB0CE9AE85B00DC5 /* [CP] Copy Pods Resources */,
			);
			buildRules = (
			);
			dependencies = (
			);
			name = myAprication004;
			productName = myAprication004;
			productReference = 1856D6781DDEACA400CA1B8B /* myAprication004.app */;
			productType = "com.apple.product-type.application";
		};
		1856D68D1DDEACA400CA1B8B /* myAprication004Tests */ = {
			isa = PBXNativeTarget;
			buildConfigurationList = 1856D6A51DDEACA400CA1B8B /* Build configuration list for PBXNativeTarget "myAprication004Tests" */;
			buildPhases = (
				55A7510B41A60ED67F0B3867 /* [CP] Check Pods Manifest.lock */,
				1856D68A1DDEACA400CA1B8B /* Sources */,
				1856D68B1DDEACA400CA1B8B /* Frameworks */,
				1856D68C1DDEACA400CA1B8B /* Resources */,
				2BE292549BC62FD94E9894A4 /* [CP] Embed Pods Frameworks */,
				AFC56AF15FAAE4886B1108D5 /* [CP] Copy Pods Resources */,
			);
			buildRules = (
			);
			dependencies = (
				1856D6901DDEACA400CA1B8B /* PBXTargetDependency */,
			);
			name = myAprication004Tests;
			productName = myAprication004Tests;
			productReference = 1856D68E1DDEACA400CA1B8B /* myAprication004Tests.xctest */;
			productType = "com.apple.product-type.bundle.unit-test";
		};
		1856D6981DDEACA400CA1B8B /* myAprication004UITests */ = {
			isa = PBXNativeTarget;
			buildConfigurationList = 1856D6A81DDEACA400CA1B8B /* Build configuration list for PBXNativeTarget "myAprication004UITests" */;
			buildPhases = (
				1792AA3C95098864AC8F8388 /* [CP] Check Pods Manifest.lock */,
				1856D6951DDEACA400CA1B8B /* Sources */,
				1856D6961DDEACA400CA1B8B /* Frameworks */,
				1856D6971DDEACA400CA1B8B /* Resources */,
				07E6CCADD504BB77A0DF4C14 /* [CP] Embed Pods Frameworks */,
				1124EF34BC9630BFE58D2D72 /* [CP] Copy Pods Resources */,
			);
			buildRules = (
			);
			dependencies = (
				1856D69B1DDEACA400CA1B8B /* PBXTargetDependency */,
			);
			name = myAprication004UITests;
			productName = myAprication004UITests;
			productReference = 1856D6991DDEACA400CA1B8B /* myAprication004UITests.xctest */;
			productType = "com.apple.product-type.bundle.ui-testing";
		};
/* End PBXNativeTarget section */

/* Begin PBXProject section */
		1856D6701DDEACA400CA1B8B /* Project object */ = {
			isa = PBXProject;
			attributes = {
				LastSwiftUpdateCheck = 0810;
				LastUpgradeCheck = 0810;
				ORGANIZATIONNAME = "Takahiro Ono";
				TargetAttributes = {
					1856D6771DDEACA400CA1B8B = {
						CreatedOnToolsVersion = 8.1;
						ProvisioningStyle = Automatic;
					};
					1856D68D1DDEACA400CA1B8B = {
						CreatedOnToolsVersion = 8.1;
						ProvisioningStyle = Automatic;
						TestTargetID = 1856D6771DDEACA400CA1B8B;
					};
					1856D6981DDEACA400CA1B8B = {
						CreatedOnToolsVersion = 8.1;
						ProvisioningStyle = Automatic;
						TestTargetID = 1856D6771DDEACA400CA1B8B;
					};
				};
			};
			buildConfigurationList = 1856D6731DDEACA400CA1B8B /* Build configuration list for PBXProject "myAprication004" */;
			compatibilityVersion = "Xcode 3.2";
			developmentRegion = English;
			hasScannedForEncodings = 0;
			knownRegions = (
				en,
				Base,
			);
			mainGroup = 1856D66F1DDEACA400CA1B8B;
			productRefGroup = 1856D6791DDEACA400CA1B8B /* Products */;
			projectDirPath = "";
			projectRoot = "";
			targets = (
				1856D6771DDEACA400CA1B8B /* myAprication004 */,
				1856D68D1DDEACA400CA1B8B /* myAprication004Tests */,
				1856D6981DDEACA400CA1B8B /* myAprication004UITests */,
			);
		};
/* End PBXProject section */

/* Begin PBXResourcesBuildPhase section */
		1856D6761DDEACA400CA1B8B /* Resources */ = {
			isa = PBXResourcesBuildPhase;
			buildActionMask = 2147483647;
			files = (
				1856D6881DDEACA400CA1B8B /* LaunchScreen.storyboard in Resources */,
				188451651DED8A20000BEEF8 /* cat2.jpg in Resources */,
				188451641DED8A20000BEEF8 /* cat1.jpg in Resources */,
				188451671DED8A20000BEEF8 /* dog2.jpg in Resources */,
				188451761DEDD20B000BEEF8 /* southAmerica.png in Resources */,
				1856D6851DDEACA400CA1B8B /* Assets.xcassets in Resources */,
				188451751DEDD20B000BEEF8 /* midleEast.png in Resources */,
				188451741DEDD20B000BEEF8 /* Africa.png in Resources */,
				1856D6B41DDEC15C00CA1B8B /* earth.jpeg in Resources */,
				188451731DEDD20B000BEEF8 /* japan.png in Resources */,
				188451661DED8A20000BEEF8 /* dog1.jpg in Resources */,
				1856D6831DDEACA400CA1B8B /* Main.storyboard in Resources */,
				188451771DEDD20B000BEEF8 /* sea.png in Resources */,
			);
			runOnlyForDeploymentPostprocessing = 0;
		};
		1856D68C1DDEACA400CA1B8B /* Resources */ = {
			isa = PBXResourcesBuildPhase;
			buildActionMask = 2147483647;
			files = (
			);
			runOnlyForDeploymentPostprocessing = 0;
		};
		1856D6971DDEACA400CA1B8B /* Resources */ = {
			isa = PBXResourcesBuildPhase;
			buildActionMask = 2147483647;
			files = (
			);
			runOnlyForDeploymentPostprocessing = 0;
		};
/* End PBXResourcesBuildPhase section */

/* Begin PBXShellScriptBuildPhase section */
		07E6CCADD504BB77A0DF4C14 /* [CP] Embed Pods Frameworks */ = {
			isa = PBXShellScriptBuildPhase;
			buildActionMask = 2147483647;
			files = (
			);
			inputPaths = (
			);
			name = "[CP] Embed Pods Frameworks";
			outputPaths = (
			);
			runOnlyForDeploymentPostprocessing = 0;
			shellPath = /bin/sh;
			shellScript = "\"${SRCROOT}/Pods/Target Support Files/Pods-myAprication004UITests/Pods-myAprication004UITests-frameworks.sh\"\n";
			showEnvVarsInLog = 0;
		};
		07E930930CF84DB585C694C3 /* [CP] Check Pods Manifest.lock */ = {
			isa = PBXShellScriptBuildPhase;
			buildActionMask = 2147483647;
			files = (
			);
			inputPaths = (
			);
			name = "[CP] Check Pods Manifest.lock";
			outputPaths = (
			);
			runOnlyForDeploymentPostprocessing = 0;
			shellPath = /bin/sh;
			shellScript = "diff \"${PODS_ROOT}/../Podfile.lock\" \"${PODS_ROOT}/Manifest.lock\" > /dev/null\nif [ $? != 0 ] ; then\n    # print error to STDERR\n    echo \"error: The sandbox is not in sync with the Podfile.lock. Run 'pod install' or update your CocoaPods installation.\" >&2\n    exit 1\nfi\n";
			showEnvVarsInLog = 0;
		};
		1124EF34BC9630BFE58D2D72 /* [CP] Copy Pods Resources */ = {
			isa = PBXShellScriptBuildPhase;
			buildActionMask = 2147483647;
			files = (
			);
			inputPaths = (
			);
			name = "[CP] Copy Pods Resources";
			outputPaths = (
			);
			runOnlyForDeploymentPostprocessing = 0;
			shellPath = /bin/sh;
			shellScript = "\"${SRCROOT}/Pods/Target Support Files/Pods-myAprication004UITests/Pods-myAprication004UITests-resources.sh\"\n";
			showEnvVarsInLog = 0;
		};
		1792AA3C95098864AC8F8388 /* [CP] Check Pods Manifest.lock */ = {
			isa = PBXShellScriptBuildPhase;
			buildActionMask = 2147483647;
			files = (
			);
			inputPaths = (
			);
			name = "[CP] Check Pods Manifest.lock";
			outputPaths = (
			);
			runOnlyForDeploymentPostprocessing = 0;
			shellPath = /bin/sh;
			shellScript = "diff \"${PODS_ROOT}/../Podfile.lock\" \"${PODS_ROOT}/Manifest.lock\" > /dev/null\nif [ $? != 0 ] ; then\n    # print error to STDERR\n    echo \"error: The sandbox is not in sync with the Podfile.lock. Run 'pod install' or update your CocoaPods installation.\" >&2\n    exit 1\nfi\n";
			showEnvVarsInLog = 0;
		};
		2BE292549BC62FD94E9894A4 /* [CP] Embed Pods Frameworks */ = {
			isa = PBXShellScriptBuildPhase;
			buildActionMask = 2147483647;
			files = (
			);
			inputPaths = (
			);
			name = "[CP] Embed Pods Frameworks";
			outputPaths = (
			);
			runOnlyForDeploymentPostprocessing = 0;
			shellPath = /bin/sh;
			shellScript = "\"${SRCROOT}/Pods/Target Support Files/Pods-myAprication004Tests/Pods-myAprication004Tests-frameworks.sh\"\n";
			showEnvVarsInLog = 0;
		};
		363242F0E6CA69733944F4C2 /* [CP] Embed Pods Frameworks */ = {
			isa = PBXShellScriptBuildPhase;
			buildActionMask = 2147483647;
			files = (
			);
			inputPaths = (
			);
			name = "[CP] Embed Pods Frameworks";
			outputPaths = (
			);
			runOnlyForDeploymentPostprocessing = 0;
			shellPath = /bin/sh;
			shellScript = "\"${SRCROOT}/Pods/Target Support Files/Pods-myAprication004/Pods-myAprication004-frameworks.sh\"\n";
			showEnvVarsInLog = 0;
		};
		55A7510B41A60ED67F0B3867 /* [CP] Check Pods Manifest.lock */ = {
			isa = PBXShellScriptBuildPhase;
			buildActionMask = 2147483647;
			files = (
			);
			inputPaths = (
			);
			name = "[CP] Check Pods Manifest.lock";
			outputPaths = (
			);
			runOnlyForDeploymentPostprocessing = 0;
			shellPath = /bin/sh;
			shellScript = "diff \"${PODS_ROOT}/../Podfile.lock\" \"${PODS_ROOT}/Manifest.lock\" > /dev/null\nif [ $? != 0 ] ; then\n    # print error to STDERR\n    echo \"error: The sandbox is not in sync with the Podfile.lock. Run 'pod install' or update your CocoaPods installation.\" >&2\n    exit 1\nfi\n";
			showEnvVarsInLog = 0;
		};
		AFC56AF15FAAE4886B1108D5 /* [CP] Copy Pods Resources */ = {
			isa = PBXShellScriptBuildPhase;
			buildActionMask = 2147483647;
			files = (
			);
			inputPaths = (
			);
			name = "[CP] Copy Pods Resources";
			outputPaths = (
			);
			runOnlyForDeploymentPostprocessing = 0;
			shellPath = /bin/sh;
			shellScript = "\"${SRCROOT}/Pods/Target Support Files/Pods-myAprication004Tests/Pods-myAprication004Tests-resources.sh\"\n";
			showEnvVarsInLog = 0;
		};
		C36B6CEBFB0CE9AE85B00DC5 /* [CP] Copy Pods Resources */ = {
			isa = PBXShellScriptBuildPhase;
			buildActionMask = 2147483647;
			files = (
			);
			inputPaths = (
			);
			name = "[CP] Copy Pods Resources";
			outputPaths = (
			);
			runOnlyForDeploymentPostprocessing = 0;
			shellPath = /bin/sh;
			shellScript = "\"${SRCROOT}/Pods/Target Support Files/Pods-myAprication004/Pods-myAprication004-resources.sh\"\n";
			showEnvVarsInLog = 0;
		};
/* End PBXShellScriptBuildPhase section */

/* Begin PBXSourcesBuildPhase section */
		1856D6741DDEACA400CA1B8B /* Sources */ = {
			isa = PBXSourcesBuildPhase;
			buildActionMask = 2147483647;
			files = (
				1884516D1DEDC40F000BEEF8 /* ViewController.swift in Sources */,
				18FD3C241DE07E5300F6E03E /* NavigadioModel.xcdatamodeld in Sources */,
				1832CB3A1DEBC361004AE3A8 /* CreateDiaryViewController.swift in Sources */,
				188915151DE07FD0007C7745 /* Diary+CoreDataClass.swift in Sources */,
				1856D67C1DDEACA400CA1B8B /* AppDelegate.swift in Sources */,
				1832CB3B1DEBC361004AE3A8 /* ReadDiaryViewController.swift in Sources */,
				1884516B1DEDC3CE000BEEF8 /* ListTableViewCell.swift in Sources */,
				188915161DE07FD0007C7745 /* Diary+CoreDataProperties.swift in Sources */,
				1856D6B01DDEBF9200CA1B8B /* MainViewController.swift in Sources */,
				1856D6B21DDEC0D200CA1B8B /* TopViewController.swift in Sources */,
			);
			runOnlyForDeploymentPostprocessing = 0;
		};
		1856D68A1DDEACA400CA1B8B /* Sources */ = {
			isa = PBXSourcesBuildPhase;
			buildActionMask = 2147483647;
			files = (
				1856D6931DDEACA400CA1B8B /* myAprication004Tests.swift in Sources */,
			);
			runOnlyForDeploymentPostprocessing = 0;
		};
		1856D6951DDEACA400CA1B8B /* Sources */ = {
			isa = PBXSourcesBuildPhase;
			buildActionMask = 2147483647;
			files = (
				1856D69E1DDEACA400CA1B8B /* myAprication004UITests.swift in Sources */,
			);
			runOnlyForDeploymentPostprocessing = 0;
		};
/* End PBXSourcesBuildPhase section */

/* Begin PBXTargetDependency section */
		1856D6901DDEACA400CA1B8B /* PBXTargetDependency */ = {
			isa = PBXTargetDependency;
			target = 1856D6771DDEACA400CA1B8B /* myAprication004 */;
			targetProxy = 1856D68F1DDEACA400CA1B8B /* PBXContainerItemProxy */;
		};
		1856D69B1DDEACA400CA1B8B /* PBXTargetDependency */ = {
			isa = PBXTargetDependency;
			target = 1856D6771DDEACA400CA1B8B /* myAprication004 */;
			targetProxy = 1856D69A1DDEACA400CA1B8B /* PBXContainerItemProxy */;
		};
/* End PBXTargetDependency section */

/* Begin PBXVariantGroup section */
		1856D6811DDEACA400CA1B8B /* Main.storyboard */ = {
			isa = PBXVariantGroup;
			children = (
				1856D6821DDEACA400CA1B8B /* Base */,
			);
			name = Main.storyboard;
			sourceTree = "<group>";
		};
		1856D6861DDEACA400CA1B8B /* LaunchScreen.storyboard */ = {
			isa = PBXVariantGroup;
			children = (
				1856D6871DDEACA400CA1B8B /* Base */,
			);
			name = LaunchScreen.storyboard;
			sourceTree = "<group>";
		};
/* End PBXVariantGroup section */

/* Begin XCBuildConfiguration section */
		1856D6A01DDEACA400CA1B8B /* Debug */ = {
			isa = XCBuildConfiguration;
			buildSettings = {
				ALWAYS_SEARCH_USER_PATHS = NO;
				CLANG_ANALYZER_NONNULL = YES;
				CLANG_CXX_LANGUAGE_STANDARD = "gnu++0x";
				CLANG_CXX_LIBRARY = "libc++";
				CLANG_ENABLE_MODULES = YES;
				CLANG_ENABLE_OBJC_ARC = YES;
				CLANG_WARN_BOOL_CONVERSION = YES;
				CLANG_WARN_CONSTANT_CONVERSION = YES;
				CLANG_WARN_DIRECT_OBJC_ISA_USAGE = YES_ERROR;
				CLANG_WARN_DOCUMENTATION_COMMENTS = YES;
				CLANG_WARN_EMPTY_BODY = YES;
				CLANG_WARN_ENUM_CONVERSION = YES;
				CLANG_WARN_INFINITE_RECURSION = YES;
				CLANG_WARN_INT_CONVERSION = YES;
				CLANG_WARN_OBJC_ROOT_CLASS = YES_ERROR;
				CLANG_WARN_SUSPICIOUS_MOVES = YES;
				CLANG_WARN_UNREACHABLE_CODE = YES;
				CLANG_WARN__DUPLICATE_METHOD_MATCH = YES;
				"CODE_SIGN_IDENTITY[sdk=iphoneos*]" = "iPhone Developer";
				COPY_PHASE_STRIP = NO;
				DEBUG_INFORMATION_FORMAT = dwarf;
				ENABLE_STRICT_OBJC_MSGSEND = YES;
				ENABLE_TESTABILITY = YES;
				GCC_C_LANGUAGE_STANDARD = gnu99;
				GCC_DYNAMIC_NO_PIC = NO;
				GCC_NO_COMMON_BLOCKS = YES;
				GCC_OPTIMIZATION_LEVEL = 0;
				GCC_PREPROCESSOR_DEFINITIONS = (
					"DEBUG=1",
					"$(inherited)",
				);
				GCC_WARN_64_TO_32_BIT_CONVERSION = YES;
				GCC_WARN_ABOUT_RETURN_TYPE = YES_ERROR;
				GCC_WARN_UNDECLARED_SELECTOR = YES;
				GCC_WARN_UNINITIALIZED_AUTOS = YES_AGGRESSIVE;
				GCC_WARN_UNUSED_FUNCTION = YES;
				GCC_WARN_UNUSED_VARIABLE = YES;
				IPHONEOS_DEPLOYMENT_TARGET = 10.1;
				MTL_ENABLE_DEBUG_INFO = YES;
				ONLY_ACTIVE_ARCH = YES;
				SDKROOT = iphoneos;
				SWIFT_ACTIVE_COMPILATION_CONDITIONS = DEBUG;
				SWIFT_OPTIMIZATION_LEVEL = "-Onone";
				TARGETED_DEVICE_FAMILY = "1,2";
			};
			name = Debug;
		};
		1856D6A11DDEACA400CA1B8B /* Release */ = {
			isa = XCBuildConfiguration;
			buildSettings = {
				ALWAYS_SEARCH_USER_PATHS = NO;
				CLANG_ANALYZER_NONNULL = YES;
				CLANG_CXX_LANGUAGE_STANDARD = "gnu++0x";
				CLANG_CXX_LIBRARY = "libc++";
				CLANG_ENABLE_MODULES = YES;
				CLANG_ENABLE_OBJC_ARC = YES;
				CLANG_WARN_BOOL_CONVERSION = YES;
				CLANG_WARN_CONSTANT_CONVERSION = YES;
				CLANG_WARN_DIRECT_OBJC_ISA_USAGE = YES_ERROR;
				CLANG_WARN_DOCUMENTATION_COMMENTS = YES;
				CLANG_WARN_EMPTY_BODY = YES;
				CLANG_WARN_ENUM_CONVERSION = YES;
				CLANG_WARN_INFINITE_RECURSION = YES;
				CLANG_WARN_INT_CONVERSION = YES;
				CLANG_WARN_OBJC_ROOT_CLASS = YES_ERROR;
				CLANG_WARN_SUSPICIOUS_MOVES = YES;
				CLANG_WARN_UNREACHABLE_CODE = YES;
				CLANG_WARN__DUPLICATE_METHOD_MATCH = YES;
				"CODE_SIGN_IDENTITY[sdk=iphoneos*]" = "iPhone Developer";
				COPY_PHASE_STRIP = NO;
				DEBUG_INFORMATION_FORMAT = "dwarf-with-dsym";
				ENABLE_NS_ASSERTIONS = NO;
				ENABLE_STRICT_OBJC_MSGSEND = YES;
				GCC_C_LANGUAGE_STANDARD = gnu99;
				GCC_NO_COMMON_BLOCKS = YES;
				GCC_WARN_64_TO_32_BIT_CONVERSION = YES;
				GCC_WARN_ABOUT_RETURN_TYPE = YES_ERROR;
				GCC_WARN_UNDECLARED_SELECTOR = YES;
				GCC_WARN_UNINITIALIZED_AUTOS = YES_AGGRESSIVE;
				GCC_WARN_UNUSED_FUNCTION = YES;
				GCC_WARN_UNUSED_VARIABLE = YES;
				IPHONEOS_DEPLOYMENT_TARGET = 10.1;
				MTL_ENABLE_DEBUG_INFO = NO;
				SDKROOT = iphoneos;
				SWIFT_OPTIMIZATION_LEVEL = "-Owholemodule";
				TARGETED_DEVICE_FAMILY = "1,2";
				VALIDATE_PRODUCT = YES;
			};
			name = Release;
		};
		1856D6A31DDEACA400CA1B8B /* Debug */ = {
			isa = XCBuildConfiguration;
			baseConfigurationReference = 7528761EFABBA2798D143C4C /* Pods-myAprication004.debug.xcconfig */;
			buildSettings = {
				ASSETCATALOG_COMPILER_APPICON_NAME = AppIcon;
				FRAMEWORK_SEARCH_PATHS = (
					"$(inherited)",
					"$(PROJECT_DIR)/build/Debug-iphoneos/FontAwesome.swift",
				);
				INFOPLIST_FILE = myAprication004/Info.plist;
				LD_RUNPATH_SEARCH_PATHS = "$(inherited) @executable_path/Frameworks";
				PRODUCT_BUNDLE_IDENTIFIER = com.takahiroono.myAprication004;
				PRODUCT_NAME = "$(TARGET_NAME)";
				SWIFT_VERSION = 3.0;
			};
			name = Debug;
		};
		1856D6A41DDEACA400CA1B8B /* Release */ = {
			isa = XCBuildConfiguration;
			baseConfigurationReference = B3EAB1E5CF07B21675CE8356 /* Pods-myAprication004.release.xcconfig */;
			buildSettings = {
				ASSETCATALOG_COMPILER_APPICON_NAME = AppIcon;
				FRAMEWORK_SEARCH_PATHS = (
					"$(inherited)",
					"$(PROJECT_DIR)/build/Debug-iphoneos/FontAwesome.swift",
				);
				INFOPLIST_FILE = myAprication004/Info.plist;
				LD_RUNPATH_SEARCH_PATHS = "$(inherited) @executable_path/Frameworks";
				PRODUCT_BUNDLE_IDENTIFIER = com.takahiroono.myAprication004;
				PRODUCT_NAME = "$(TARGET_NAME)";
				SWIFT_VERSION = 3.0;
			};
			name = Release;
		};
		1856D6A61DDEACA400CA1B8B /* Debug */ = {
			isa = XCBuildConfiguration;
			baseConfigurationReference = B20A213BBC8C742B42313843 /* Pods-myAprication004Tests.debug.xcconfig */;
			buildSettings = {
				ALWAYS_EMBED_SWIFT_STANDARD_LIBRARIES = YES;
				BUNDLE_LOADER = "$(TEST_HOST)";
				INFOPLIST_FILE = myAprication004Tests/Info.plist;
				LD_RUNPATH_SEARCH_PATHS = "$(inherited) @executable_path/Frameworks @loader_path/Frameworks";
				PRODUCT_BUNDLE_IDENTIFIER = com.takahiroono.myAprication004Tests;
				PRODUCT_NAME = "$(TARGET_NAME)";
				SWIFT_VERSION = 3.0;
				TEST_HOST = "$(BUILT_PRODUCTS_DIR)/myAprication004.app/myAprication004";
			};
			name = Debug;
		};
		1856D6A71DDEACA400CA1B8B /* Release */ = {
			isa = XCBuildConfiguration;
			baseConfigurationReference = 9710D57A6DE877C5700244F2 /* Pods-myAprication004Tests.release.xcconfig */;
			buildSettings = {
				ALWAYS_EMBED_SWIFT_STANDARD_LIBRARIES = YES;
				BUNDLE_LOADER = "$(TEST_HOST)";
				INFOPLIST_FILE = myAprication004Tests/Info.plist;
				LD_RUNPATH_SEARCH_PATHS = "$(inherited) @executable_path/Frameworks @loader_path/Frameworks";
				PRODUCT_BUNDLE_IDENTIFIER = com.takahiroono.myAprication004Tests;
				PRODUCT_NAME = "$(TARGET_NAME)";
				SWIFT_VERSION = 3.0;
				TEST_HOST = "$(BUILT_PRODUCTS_DIR)/myAprication004.app/myAprication004";
			};
			name = Release;
		};
		1856D6A91DDEACA400CA1B8B /* Debug */ = {
			isa = XCBuildConfiguration;
			baseConfigurationReference = CF8F1E2A25F5B931C1082A50 /* Pods-myAprication004UITests.debug.xcconfig */;
			buildSettings = {
				ALWAYS_EMBED_SWIFT_STANDARD_LIBRARIES = YES;
				INFOPLIST_FILE = myAprication004UITests/Info.plist;
				LD_RUNPATH_SEARCH_PATHS = "$(inherited) @executable_path/Frameworks @loader_path/Frameworks";
				PRODUCT_BUNDLE_IDENTIFIER = com.takahiroono.myAprication004UITests;
				PRODUCT_NAME = "$(TARGET_NAME)";
				SWIFT_VERSION = 3.0;
				TEST_TARGET_NAME = myAprication004;
			};
			name = Debug;
		};
		1856D6AA1DDEACA400CA1B8B /* Release */ = {
			isa = XCBuildConfiguration;
			baseConfigurationReference = 1FB080E5DF8E4785214A7F90 /* Pods-myAprication004UITests.release.xcconfig */;
			buildSettings = {
				ALWAYS_EMBED_SWIFT_STANDARD_LIBRARIES = YES;
				INFOPLIST_FILE = myAprication004UITests/Info.plist;
				LD_RUNPATH_SEARCH_PATHS = "$(inherited) @executable_path/Frameworks @loader_path/Frameworks";
				PRODUCT_BUNDLE_IDENTIFIER = com.takahiroono.myAprication004UITests;
				PRODUCT_NAME = "$(TARGET_NAME)";
				SWIFT_VERSION = 3.0;
				TEST_TARGET_NAME = myAprication004;
			};
			name = Release;
		};
/* End XCBuildConfiguration section */

/* Begin XCConfigurationList section */
		1856D6731DDEACA400CA1B8B /* Build configuration list for PBXProject "myAprication004" */ = {
			isa = XCConfigurationList;
			buildConfigurations = (
				1856D6A01DDEACA400CA1B8B /* Debug */,
				1856D6A11DDEACA400CA1B8B /* Release */,
			);
			defaultConfigurationIsVisible = 0;
			defaultConfigurationName = Release;
		};
		1856D6A21DDEACA400CA1B8B /* Build configuration list for PBXNativeTarget "myAprication004" */ = {
			isa = XCConfigurationList;
			buildConfigurations = (
				1856D6A31DDEACA400CA1B8B /* Debug */,
				1856D6A41DDEACA400CA1B8B /* Release */,
			);
			defaultConfigurationIsVisible = 0;
			defaultConfigurationName = Release;
		};
		1856D6A51DDEACA400CA1B8B /* Build configuration list for PBXNativeTarget "myAprication004Tests" */ = {
			isa = XCConfigurationList;
			buildConfigurations = (
				1856D6A61DDEACA400CA1B8B /* Debug */,
				1856D6A71DDEACA400CA1B8B /* Release */,
			);
			defaultConfigurationIsVisible = 0;
			defaultConfigurationName = Release;
		};
		1856D6A81DDEACA400CA1B8B /* Build configuration list for PBXNativeTarget "myAprication004UITests" */ = {
			isa = XCConfigurationList;
			buildConfigurations = (
				1856D6A91DDEACA400CA1B8B /* Debug */,
				1856D6AA1DDEACA400CA1B8B /* Release */,
			);
			defaultConfigurationIsVisible = 0;
			defaultConfigurationName = Release;
		};
/* End XCConfigurationList section */

/* Begin XCVersionGroup section */
		18FD3C221DE07E5300F6E03E /* NavigadioModel.xcdatamodeld */ = {
			isa = XCVersionGroup;
			children = (
				18FD3C231DE07E5300F6E03E /* NavigadioModel.xcdatamodel */,
			);
			currentVersion = 18FD3C231DE07E5300F6E03E /* NavigadioModel.xcdatamodel */;
			path = NavigadioModel.xcdatamodeld;
			sourceTree = "<group>";
			versionGroupType = wrapper.xcdatamodel;
		};
/* End XCVersionGroup section */
	};
	rootObject = 1856D6701DDEACA400CA1B8B /* Project object */;
}
